
Microsoft Visual Studio Solution File, Format Version 12.00
# Visual Studio Version 17
VisualStudioVersion = 17.11.35222.181
MinimumVisualStudioVersion = 10.0.40219.1
Project("{8BC9CEB8-8B4A-11D0-8D11-00A0C91BC942}") = "VEngine", "Engine\VEngine\VEngine.vcxproj", "{971FEB19-88A8-42F5-875A-E3CC1B775DCF}"
EndProject
Project("{2150E333-8FDC-42A3-9474-1A3956D46DE8}") = "Engine", "Engine", "{FE235D08-D817-47B3-A380-A6B7D0FE5185}"
EndProject
Project("{2150E333-8FDC-42A3-9474-1A3956D46DE8}") = "Framework", "Framework", "{181D58D7-C504-4ADA-9E36-29BF3824BE24}"
EndProject
Project("{8BC9CEB8-8B4A-11D0-8D11-00A0C91BC942}") = "Core", "Framework\Core\Core.vcxproj", "{7B9AF0CF-95EB-4BAB-A33D-828A422E7619}"
EndProject
Project("{2150E333-8FDC-42A3-9474-1A3956D46DE8}") = "VGP242", "VGP242", "{6BBE305B-9069-4190-A901-F109566EFF7E}"
EndProject
Project("{8BC9CEB8-8B4A-11D0-8D11-00A0C91BC942}") = "01_HellowWindow", "VGP242\01_HellowWindow\01_HellowWindow.vcxproj", "{4FF5630F-D20E-4A9D-AA14-259E4333EF59}"
EndProject
Project("{8BC9CEB8-8B4A-11D0-8D11-00A0C91BC942}") = "Math", "Framework\Math\Math.vcxproj", "{466C8526-9784-4FBA-8081-BF42092B4AA6}"
EndProject
Project("{8BC9CEB8-8B4A-11D0-8D11-00A0C91BC942}") = "Graphics", "Framework\Graphics\Graphics.vcxproj", "{06715D2D-ED14-4C97-AD48-69D4791835DC}"
EndProject
Project("{2150E333-8FDC-42A3-9474-1A3956D46DE8}") = "External", "External", "{5D604CD6-B0E7-4858-88A5-B03CC18284FD}"
EndProject
Project("{8BC9CEB8-8B4A-11D0-8D11-00A0C91BC942}") = "DirectXTK_Desktop_2022", "External\DirectXTK\DirectXTK_Desktop_2022.vcxproj", "{E0B52AE7-E160-4D32-BF3F-910B785E5A8E}"
EndProject
Project("{2150E333-8FDC-42A3-9474-1A3956D46DE8}") = "Assets", "Assets", "{5F485C9A-4631-443F-99EC-7F1ACBFFE758}"
EndProject
Project("{2150E333-8FDC-42A3-9474-1A3956D46DE8}") = "Shaders", "Shaders", "{6FB42DC7-D065-4489-8E7A-9606F1ECB26F}"
	ProjectSection(SolutionItems) = preProject
		Assets\Shaders\DoColor.fx = Assets\Shaders\DoColor.fx
		Assets\Shaders\DoSomething.fx = Assets\Shaders\DoSomething.fx
		Assets\Shaders\DoTransformColor.fx = Assets\Shaders\DoTransformColor.fx
		Assets\Shaders\DoTransformTexture.fx = Assets\Shaders\DoTransformTexture.fx
		Assets\Shaders\Standard.fx = Assets\Shaders\Standard.fx
	EndProjectSection
EndProject
Project("{8BC9CEB8-8B4A-11D0-8D11-00A0C91BC942}") = "02_HellowShapes", "VGP242\02_HellowShapes\02_HellowShapes.vcxproj", "{365B05FD-3D2B-40A0-849B-C17B7302C659}"
EndProject
Project("{8BC9CEB8-8B4A-11D0-8D11-00A0C91BC942}") = "Input", "Framework\Input\Input.vcxproj", "{3629F01A-6FED-42EB-B308-E9F7F1346EAF}"
EndProject
Project("{8BC9CEB8-8B4A-11D0-8D11-00A0C91BC942}") = "03_HelloThreeD", "VGP242\03_HelloThreeD\03_HelloThreeD.vcxproj", "{886C216F-B8F3-4FBA-BAF4-4A3643165931}"
EndProject
Project("{8BC9CEB8-8B4A-11D0-8D11-00A0C91BC942}") = "Hello3DTexture", "VGP242\Hello3DTexture\Hello3DTexture.vcxproj", "{1EA6837B-C3D3-48BF-B560-8EA84FD3033A}"
EndProject
Project("{8BC9CEB8-8B4A-11D0-8D11-00A0C91BC942}") = "HelloMeshBuilder", "VGP242\HelloMeshBuilder\HelloMeshBuilder.vcxproj", "{68B9787C-96DA-45DC-861B-3DA98CABBBFE}"
EndProject
Project("{8BC9CEB8-8B4A-11D0-8D11-00A0C91BC942}") = "ImGui", "External\ImGui\ImGui.vcxproj", "{52D656A2-A2F4-4C54-A3C7-653427BED1E8}"
EndProject
Project("{8BC9CEB8-8B4A-11D0-8D11-00A0C91BC942}") = "HelloDebug", "VGP242\HelloDebug\HelloDebug.vcxproj", "{E320B7BE-DFA1-4FDB-BFA0-939CFF3CC8AC}"
EndProject
Project("{8BC9CEB8-8B4A-11D0-8D11-00A0C91BC942}") = "HelloStandardEffect", "VGP242\HelloStandardEffect\HelloStandardEffect.vcxproj", "{0F651B8E-E37D-482E-8E31-FA21625FAA4C}"
EndProject
Global
	GlobalSection(SolutionConfigurationPlatforms) = preSolution
		Debug|x64 = Debug|x64
		Debug|x86 = Debug|x86
		Release|x64 = Release|x64
		Release|x86 = Release|x86
	EndGlobalSection
	GlobalSection(ProjectConfigurationPlatforms) = postSolution
		{971FEB19-88A8-42F5-875A-E3CC1B775DCF}.Debug|x64.ActiveCfg = Debug|x64
		{971FEB19-88A8-42F5-875A-E3CC1B775DCF}.Debug|x64.Build.0 = Debug|x64
		{971FEB19-88A8-42F5-875A-E3CC1B775DCF}.Debug|x86.ActiveCfg = Debug|Win32
		{971FEB19-88A8-42F5-875A-E3CC1B775DCF}.Debug|x86.Build.0 = Debug|Win32
		{971FEB19-88A8-42F5-875A-E3CC1B775DCF}.Release|x64.ActiveCfg = Release|x64
		{971FEB19-88A8-42F5-875A-E3CC1B775DCF}.Release|x64.Build.0 = Release|x64
		{971FEB19-88A8-42F5-875A-E3CC1B775DCF}.Release|x86.ActiveCfg = Release|Win32
		{971FEB19-88A8-42F5-875A-E3CC1B775DCF}.Release|x86.Build.0 = Release|Win32
		{7B9AF0CF-95EB-4BAB-A33D-828A422E7619}.Debug|x64.ActiveCfg = Debug|x64
		{7B9AF0CF-95EB-4BAB-A33D-828A422E7619}.Debug|x64.Build.0 = Debug|x64
		{7B9AF0CF-95EB-4BAB-A33D-828A422E7619}.Debug|x86.ActiveCfg = Debug|Win32
		{7B9AF0CF-95EB-4BAB-A33D-828A422E7619}.Debug|x86.Build.0 = Debug|Win32
		{7B9AF0CF-95EB-4BAB-A33D-828A422E7619}.Release|x64.ActiveCfg = Release|x64
		{7B9AF0CF-95EB-4BAB-A33D-828A422E7619}.Release|x64.Build.0 = Release|x64
		{7B9AF0CF-95EB-4BAB-A33D-828A422E7619}.Release|x86.ActiveCfg = Release|Win32
		{7B9AF0CF-95EB-4BAB-A33D-828A422E7619}.Release|x86.Build.0 = Release|Win32
		{4FF5630F-D20E-4A9D-AA14-259E4333EF59}.Debug|x64.ActiveCfg = Debug|x64
		{4FF5630F-D20E-4A9D-AA14-259E4333EF59}.Debug|x64.Build.0 = Debug|x64
		{4FF5630F-D20E-4A9D-AA14-259E4333EF59}.Debug|x86.ActiveCfg = Debug|Win32
		{4FF5630F-D20E-4A9D-AA14-259E4333EF59}.Debug|x86.Build.0 = Debug|Win32
		{4FF5630F-D20E-4A9D-AA14-259E4333EF59}.Release|x64.ActiveCfg = Release|x64
		{4FF5630F-D20E-4A9D-AA14-259E4333EF59}.Release|x64.Build.0 = Release|x64
		{4FF5630F-D20E-4A9D-AA14-259E4333EF59}.Release|x86.ActiveCfg = Release|Win32
		{4FF5630F-D20E-4A9D-AA14-259E4333EF59}.Release|x86.Build.0 = Release|Win32
		{466C8526-9784-4FBA-8081-BF42092B4AA6}.Debug|x64.ActiveCfg = Debug|x64
		{466C8526-9784-4FBA-8081-BF42092B4AA6}.Debug|x64.Build.0 = Debug|x64
		{466C8526-9784-4FBA-8081-BF42092B4AA6}.Debug|x86.ActiveCfg = Debug|Win32
		{466C8526-9784-4FBA-8081-BF42092B4AA6}.Debug|x86.Build.0 = Debug|Win32
		{466C8526-9784-4FBA-8081-BF42092B4AA6}.Release|x64.ActiveCfg = Release|x64
		{466C8526-9784-4FBA-8081-BF42092B4AA6}.Release|x64.Build.0 = Release|x64
		{466C8526-9784-4FBA-8081-BF42092B4AA6}.Release|x86.ActiveCfg = Release|Win32
		{466C8526-9784-4FBA-8081-BF42092B4AA6}.Release|x86.Build.0 = Release|Win32
		{06715D2D-ED14-4C97-AD48-69D4791835DC}.Debug|x64.ActiveCfg = Debug|x64
		{06715D2D-ED14-4C97-AD48-69D4791835DC}.Debug|x64.Build.0 = Debug|x64
		{06715D2D-ED14-4C97-AD48-69D4791835DC}.Debug|x86.ActiveCfg = Debug|Win32
		{06715D2D-ED14-4C97-AD48-69D4791835DC}.Debug|x86.Build.0 = Debug|Win32
		{06715D2D-ED14-4C97-AD48-69D4791835DC}.Release|x64.ActiveCfg = Release|x64
		{06715D2D-ED14-4C97-AD48-69D4791835DC}.Release|x64.Build.0 = Release|x64
		{06715D2D-ED14-4C97-AD48-69D4791835DC}.Release|x86.ActiveCfg = Release|Win32
		{06715D2D-ED14-4C97-AD48-69D4791835DC}.Release|x86.Build.0 = Release|Win32
		{E0B52AE7-E160-4D32-BF3F-910B785E5A8E}.Debug|x64.ActiveCfg = Debug|x64
		{E0B52AE7-E160-4D32-BF3F-910B785E5A8E}.Debug|x64.Build.0 = Debug|x64
		{E0B52AE7-E160-4D32-BF3F-910B785E5A8E}.Debug|x86.ActiveCfg = Debug|Win32
		{E0B52AE7-E160-4D32-BF3F-910B785E5A8E}.Debug|x86.Build.0 = Debug|Win32
		{E0B52AE7-E160-4D32-BF3F-910B785E5A8E}.Release|x64.ActiveCfg = Release|x64
		{E0B52AE7-E160-4D32-BF3F-910B785E5A8E}.Release|x64.Build.0 = Release|x64
		{E0B52AE7-E160-4D32-BF3F-910B785E5A8E}.Release|x86.ActiveCfg = Release|Win32
		{E0B52AE7-E160-4D32-BF3F-910B785E5A8E}.Release|x86.Build.0 = Release|Win32
		{365B05FD-3D2B-40A0-849B-C17B7302C659}.Debug|x64.ActiveCfg = Debug|x64
		{365B05FD-3D2B-40A0-849B-C17B7302C659}.Debug|x64.Build.0 = Debug|x64
		{365B05FD-3D2B-40A0-849B-C17B7302C659}.Debug|x86.ActiveCfg = Debug|Win32
		{365B05FD-3D2B-40A0-849B-C17B7302C659}.Debug|x86.Build.0 = Debug|Win32
		{365B05FD-3D2B-40A0-849B-C17B7302C659}.Release|x64.ActiveCfg = Release|x64
		{365B05FD-3D2B-40A0-849B-C17B7302C659}.Release|x64.Build.0 = Release|x64
		{365B05FD-3D2B-40A0-849B-C17B7302C659}.Release|x86.ActiveCfg = Release|Win32
		{365B05FD-3D2B-40A0-849B-C17B7302C659}.Release|x86.Build.0 = Release|Win32
		{3629F01A-6FED-42EB-B308-E9F7F1346EAF}.Debug|x64.ActiveCfg = Debug|x64
		{3629F01A-6FED-42EB-B308-E9F7F1346EAF}.Debug|x64.Build.0 = Debug|x64
		{3629F01A-6FED-42EB-B308-E9F7F1346EAF}.Debug|x86.ActiveCfg = Debug|Win32
		{3629F01A-6FED-42EB-B308-E9F7F1346EAF}.Debug|x86.Build.0 = Debug|Win32
		{3629F01A-6FED-42EB-B308-E9F7F1346EAF}.Release|x64.ActiveCfg = Release|x64
		{3629F01A-6FED-42EB-B308-E9F7F1346EAF}.Release|x64.Build.0 = Release|x64
		{3629F01A-6FED-42EB-B308-E9F7F1346EAF}.Release|x86.ActiveCfg = Release|Win32
		{3629F01A-6FED-42EB-B308-E9F7F1346EAF}.Release|x86.Build.0 = Release|Win32
		{886C216F-B8F3-4FBA-BAF4-4A3643165931}.Debug|x64.ActiveCfg = Debug|x64
		{886C216F-B8F3-4FBA-BAF4-4A3643165931}.Debug|x64.Build.0 = Debug|x64
		{886C216F-B8F3-4FBA-BAF4-4A3643165931}.Debug|x86.ActiveCfg = Debug|Win32
		{886C216F-B8F3-4FBA-BAF4-4A3643165931}.Debug|x86.Build.0 = Debug|Win32
		{886C216F-B8F3-4FBA-BAF4-4A3643165931}.Release|x64.ActiveCfg = Release|x64
		{886C216F-B8F3-4FBA-BAF4-4A3643165931}.Release|x64.Build.0 = Release|x64
		{886C216F-B8F3-4FBA-BAF4-4A3643165931}.Release|x86.ActiveCfg = Release|Win32
		{886C216F-B8F3-4FBA-BAF4-4A3643165931}.Release|x86.Build.0 = Release|Win32
		{1EA6837B-C3D3-48BF-B560-8EA84FD3033A}.Debug|x64.ActiveCfg = Debug|x64
		{1EA6837B-C3D3-48BF-B560-8EA84FD3033A}.Debug|x64.Build.0 = Debug|x64
		{1EA6837B-C3D3-48BF-B560-8EA84FD3033A}.Debug|x86.ActiveCfg = Debug|Win32
		{1EA6837B-C3D3-48BF-B560-8EA84FD3033A}.Debug|x86.Build.0 = Debug|Win32
		{1EA6837B-C3D3-48BF-B560-8EA84FD3033A}.Release|x64.ActiveCfg = Release|x64
		{1EA6837B-C3D3-48BF-B560-8EA84FD3033A}.Release|x64.Build.0 = Release|x64
		{1EA6837B-C3D3-48BF-B560-8EA84FD3033A}.Release|x86.ActiveCfg = Release|Win32
		{1EA6837B-C3D3-48BF-B560-8EA84FD3033A}.Release|x86.Build.0 = Release|Win32
		{68B9787C-96DA-45DC-861B-3DA98CABBBFE}.Debug|x64.ActiveCfg = Debug|x64
		{68B9787C-96DA-45DC-861B-3DA98CABBBFE}.Debug|x64.Build.0 = Debug|x64
		{68B9787C-96DA-45DC-861B-3DA98CABBBFE}.Debug|x86.ActiveCfg = Debug|Win32
		{68B9787C-96DA-45DC-861B-3DA98CABBBFE}.Debug|x86.Build.0 = Debug|Win32
		{68B9787C-96DA-45DC-861B-3DA98CABBBFE}.Release|x64.ActiveCfg = Release|x64
		{68B9787C-96DA-45DC-861B-3DA98CABBBFE}.Release|x64.Build.0 = Release|x64
		{68B9787C-96DA-45DC-861B-3DA98CABBBFE}.Release|x86.ActiveCfg = Release|Win32
		{68B9787C-96DA-45DC-861B-3DA98CABBBFE}.Release|x86.Build.0 = Release|Win32
		{52D656A2-A2F4-4C54-A3C7-653427BED1E8}.Debug|x64.ActiveCfg = Debug|x64
		{52D656A2-A2F4-4C54-A3C7-653427BED1E8}.Debug|x64.Build.0 = Debug|x64
		{52D656A2-A2F4-4C54-A3C7-653427BED1E8}.Debug|x86.ActiveCfg = Debug|Win32
		{52D656A2-A2F4-4C54-A3C7-653427BED1E8}.Debug|x86.Build.0 = Debug|Win32
		{52D656A2-A2F4-4C54-A3C7-653427BED1E8}.Release|x64.ActiveCfg = Release|x64
		{52D656A2-A2F4-4C54-A3C7-653427BED1E8}.Release|x64.Build.0 = Release|x64
		{52D656A2-A2F4-4C54-A3C7-653427BED1E8}.Release|x86.ActiveCfg = Release|Win32
		{52D656A2-A2F4-4C54-A3C7-653427BED1E8}.Release|x86.Build.0 = Release|Win32
		{E320B7BE-DFA1-4FDB-BFA0-939CFF3CC8AC}.Debug|x64.ActiveCfg = Debug|x64
		{E320B7BE-DFA1-4FDB-BFA0-939CFF3CC8AC}.Debug|x64.Build.0 = Debug|x64
		{E320B7BE-DFA1-4FDB-BFA0-939CFF3CC8AC}.Debug|x86.ActiveCfg = Debug|Win32
		{E320B7BE-DFA1-4FDB-BFA0-939CFF3CC8AC}.Debug|x86.Build.0 = Debug|Win32
		{E320B7BE-DFA1-4FDB-BFA0-939CFF3CC8AC}.Release|x64.ActiveCfg = Release|x64
		{E320B7BE-DFA1-4FDB-BFA0-939CFF3CC8AC}.Release|x64.Build.0 = Release|x64
		{E320B7BE-DFA1-4FDB-BFA0-939CFF3CC8AC}.Release|x86.ActiveCfg = Release|Win32
		{E320B7BE-DFA1-4FDB-BFA0-939CFF3CC8AC}.Release|x86.Build.0 = Release|Win32
		{0F651B8E-E37D-482E-8E31-FA21625FAA4C}.Debug|x64.ActiveCfg = Debug|x64
		{0F651B8E-E37D-482E-8E31-FA21625FAA4C}.Debug|x64.Build.0 = Debug|x64
		{0F651B8E-E37D-482E-8E31-FA21625FAA4C}.Debug|x86.ActiveCfg = Debug|Win32
		{0F651B8E-E37D-482E-8E31-FA21625FAA4C}.Debug|x86.Build.0 = Debug|Win32
		{0F651B8E-E37D-482E-8E31-FA21625FAA4C}.Release|x64.ActiveCfg = Release|x64
		{0F651B8E-E37D-482E-8E31-FA21625FAA4C}.Release|x64.Build.0 = Release|x64
		{0F651B8E-E37D-482E-8E31-FA21625FAA4C}.Release|x86.ActiveCfg = Release|Win32
		{0F651B8E-E37D-482E-8E31-FA21625FAA4C}.Release|x86.Build.0 = Release|Win32
	EndGlobalSection
	GlobalSection(SolutionProperties) = preSolution
		HideSolutionNode = FALSE
	EndGlobalSection
	GlobalSection(NestedProjects) = preSolution
		{971FEB19-88A8-42F5-875A-E3CC1B775DCF} = {FE235D08-D817-47B3-A380-A6B7D0FE5185}
		{7B9AF0CF-95EB-4BAB-A33D-828A422E7619} = {181D58D7-C504-4ADA-9E36-29BF3824BE24}
		{4FF5630F-D20E-4A9D-AA14-259E4333EF59} = {6BBE305B-9069-4190-A901-F109566EFF7E}
		{466C8526-9784-4FBA-8081-BF42092B4AA6} = {181D58D7-C504-4ADA-9E36-29BF3824BE24}
		{06715D2D-ED14-4C97-AD48-69D4791835DC} = {181D58D7-C504-4ADA-9E36-29BF3824BE24}
		{E0B52AE7-E160-4D32-BF3F-910B785E5A8E} = {5D604CD6-B0E7-4858-88A5-B03CC18284FD}
		{6FB42DC7-D065-4489-8E7A-9606F1ECB26F} = {5F485C9A-4631-443F-99EC-7F1ACBFFE758}
		{365B05FD-3D2B-40A0-849B-C17B7302C659} = {6BBE305B-9069-4190-A901-F109566EFF7E}
		{3629F01A-6FED-42EB-B308-E9F7F1346EAF} = {181D58D7-C504-4ADA-9E36-29BF3824BE24}
		{886C216F-B8F3-4FBA-BAF4-4A3643165931} = {6BBE305B-9069-4190-A901-F109566EFF7E}
		{1EA6837B-C3D3-48BF-B560-8EA84FD3033A} = {6BBE305B-9069-4190-A901-F109566EFF7E}
		{68B9787C-96DA-45DC-861B-3DA98CABBBFE} = {6BBE305B-9069-4190-A901-F109566EFF7E}
		{52D656A2-A2F4-4C54-A3C7-653427BED1E8} = {5D604CD6-B0E7-4858-88A5-B03CC18284FD}
		{E320B7BE-DFA1-4FDB-BFA0-939CFF3CC8AC} = {6BBE305B-9069-4190-A901-F109566EFF7E}
		{0F651B8E-E37D-482E-8E31-FA21625FAA4C} = {6BBE305B-9069-4190-A901-F109566EFF7E}
	EndGlobalSection
	GlobalSection(ExtensibilityGlobals) = postSolution
		SolutionGuid = {151E541E-A049-4143-97F5-B688C5336070}
	EndGlobalSection
EndGlobal
