<?xml version="1.0" encoding="utf-8"?>
<Project ToolsVersion="4.0" xmlns="http://schemas.microsoft.com/developer/msbuild/2003">
  <ItemGroup>
    <Filter Include="Inc">
      <UniqueIdentifier>{ef150849-50db-4d48-80aa-ba4deaab6149}</UniqueIdentifier>
    </Filter>
    <Filter Include="Src">
      <UniqueIdentifier>{d3d54f95-6ced-4474-9cc8-bf712df76a68}</UniqueIdentifier>
    </Filter>
  </ItemGroup>
  <ItemGroup>
    <ClInclude Include="..\Framework\Network\Inc\Common.h">
      <Filter>Inc</Filter>
    </ClInclude>
    <ClInclude Include="..\Framework\Network\Inc\Network.h">
      <Filter>Inc</Filter>
    </ClInclude>
    <ClInclude Include="..\Framework\Network\Src\Precompiled.h">
      <Filter>Src</Filter>
    </ClInclude>
    <ClInclude Include="..\Framework\Network\Inc\NetworkElement.h">
      <Filter>Inc</Filter>
    </ClInclude>
  </ItemGroup>
  <ItemGroup>
    <ClCompile Include="..\Framework\Network\Src\Precompiled.cpp">
      <Filter>Src</Filter>
    </ClCompile>
    <ClCompile Include="..\Framework\Network\Src\NetworkElement.cpp">
      <Filter>Src</Filter>
    </ClCompile>
  </ItemGroup>
</Project>